
Microsoft Visual Studio Solution File, Format Version 12.00
# Visual Studio Version 17
VisualStudioVersion = 17.5.002.0
MinimumVisualStudioVersion = 10.0.40219.1
Project("{9A19103F-16F7-4668-BE54-9A1E7A4F7556}") = "Loja", "Loja.csproj", "{BF0F40AD-6D88-4913-AA96-464D82DF5FD3}"
EndProject
Global
	GlobalSection(SolutionConfigurationPlatforms) = preSolution
		Debug|Any CPU = Debug|Any CPU
		Release|Any CPU = Release|Any CPU
	EndGlobalSection
	GlobalSection(ProjectConfigurationPlatforms) = postSolution
		{BF0F40AD-6D88-4913-AA96-464D82DF5FD3}.Debug|Any CPU.ActiveCfg = Debug|Any CPU
		{BF0F40AD-6D88-4913-AA96-464D82DF5FD3}.Debug|Any CPU.Build.0 = Debug|Any CPU
		{BF0F40AD-6D88-4913-AA96-464D82DF5FD3}.Release|Any CPU.ActiveCfg = Release|Any CPU
		{BF0F40AD-6D88-4913-AA96-464D82DF5FD3}.Release|Any CPU.Build.0 = Release|Any CPU
	EndGlobalSection
	GlobalSection(SolutionProperties) = preSolution
		HideSolutionNode = FALSE
	EndGlobalSection
	GlobalSection(ExtensibilityGlobals) = postSolution
		SolutionGuid = {5F5C8AE0-CDD1-42A6-97DE-5208A2C56499}
	EndGlobalSection
EndGlobal
